# This file is automatically @generated by Poetry 1.8.2 and should not be changed by hand.

[[package]]
name = "tinydb"
version = "4.8.2"
description = "TinyDB is a tiny, document oriented database optimized for your happiness :)"
optional = false
python-versions = "<4.0,>=3.8"
files = [
    {file = "tinydb-4.8.2-py3-none-any.whl", hash = "sha256:f97030ee5cbc91eeadd1d7af07ab0e48ceb04aa63d4a983adbaca4cba16e86c3"},
    {file = "tinydb-4.8.2.tar.gz", hash = "sha256:f7dfc39b8d7fda7a1ca62a8dbb449ffd340a117c1206b68c50b1a481fb95181d"},
]

[metadata]
lock-version = "2.0"
python-versions = ">=3.14,<3.15"
content-hash = "da8f7aa3ca0a4fd25cddf92641e55669a238124e216e70d55b2f565f48d8263d"
